
Microsoft Visual Studio Solution File, Format Version 12.00
# Visual Studio Version 17
VisualStudioVersion = 17.4.33110.190
MinimumVisualStudioVersion = 10.0.40219.1
Project("{FAE04EC0-301F-11D3-BF4B-00C04F79EFBC}") = "dashboardAPI", "dashboardAPI\dashboardAPI.csproj", "{77977C9A-37DA-473B-A888-C829F736FC94}"
EndProject
Global
	GlobalSection(SolutionConfigurationPlatforms) = preSolution
		Debug|Any CPU = Debug|Any CPU
		Release|Any CPU = Release|Any CPU
	EndGlobalSection
	GlobalSection(ProjectConfigurationPlatforms) = postSolution
		{77977C9A-37DA-473B-A888-C829F736FC94}.Debug|Any CPU.ActiveCfg = Debug|Any CPU
		{77977C9A-37DA-473B-A888-C829F736FC94}.Debug|Any CPU.Build.0 = Debug|Any CPU
		{77977C9A-37DA-473B-A888-C829F736FC94}.Release|Any CPU.ActiveCfg = Release|Any CPU
		{77977C9A-37DA-473B-A888-C829F736FC94}.Release|Any CPU.Build.0 = Release|Any CPU
	EndGlobalSection
	GlobalSection(SolutionProperties) = preSolution
		HideSolutionNode = FALSE
	EndGlobalSection
	GlobalSection(ExtensibilityGlobals) = postSolution
		SolutionGuid = {9F1A4C83-E23F-4CEA-8542-1FB34C46F1DF}
	EndGlobalSection
EndGlobal
